
{
  "name": "flv.js",
  "version": "1.6.2",
  "lockfileVersion": 2,
  "requires": true,
  "packages": {
    "": {
      "version": "1.6.2",
      "license": "Apache-2.0",
      "dependencies": {
        "es6-promise": "^4.2.8",
        "webworkify-webpack": "^2.1.5"
      },
      "devDependencies": {
        "@types/node": "^16.3.3",
        "@typescript-eslint/eslint-plugin": "^4.28.3",
        "@typescript-eslint/parser": "^4.28.3",
        "browser-sync": "^2.27.4",
        "eslint": "^7.30.0",
        "exports-loader": "^3.0.0",
        "source-map-loader": "^3.0.0",
        "terser-webpack-plugin": "^5.1.4",
        "ts-loader": "^9.2.3",
        "typescript": "^4.3.5",
        "webpack": "^5.45.1",
        "webpack-cli": "^4.7.2"
      }
    },
    "node_modules/@babel/code-frame": {
      "version": "7.12.11",
      "resolved": "https://registry.npmjs.org/@babel/code-frame/-/code-frame-7.12.11.tgz",
      "integrity": "sha512-Zt1yodBx1UcyiePMSkWnU4hPqhwq7hGi2nFL1LeA3EUl+q2LQx16MISgJ0+z7dnmgvP9QtIleuETGOiOH1RcIw==",
      "dev": true,
      "dependencies": {
        "@babel/highlight": "^7.10.4"
      }
    },